{
  "name": "cost",
  "version": "1.0.0",
  "lockfileVersion": 1,
  "requires": true,
  "dependencies": {
    "datatables.net-se": {
      "version": "1.10.22",
      "resolved": "https://registry.npmjs.org/datatables.net-se/-/datatables.net-se-1.10.22.tgz",
      "integrity": "sha512-0JUd5NH8Arsf5T1PNSwkpO3qkUx77pk7LY5dHhPHhJ5Dvr1UWI2dLDwhLua84Z8tvQIQO8U50DldP7CD+3nytQ==",
      "requires": {
        "datatables.net": "1.10.22",
        "jquery": ">=1.7"
      },
      "dependencies": {
        "datatables.net": {
          "version": "1.10.22",
          "resolved": "https://registry.npmjs.org/datatables.net/-/datatables.net-1.10.22.tgz",
          "integrity": "sha512-ujn8GvkQIBYzYH54XY7OrI0Zb35TKRd9ABYfbnXgBfwTGIFT6UsmXrfHU5Yk+MSDoF0sDu2TB+31V6c+zUZ0Pw==",
          "requires": {
            "jquery": ">=1.7"
          }
        }
      }
    },
    "jquery": {
      "version": "3.5.1",
      "resolved": "https://registry.npmjs.org/jquery/-/jquery-3.5.1.tgz",
      "integrity": "sha512-XwIBPqcMn57FxfT+Go5pzySnm4KWkT1Tv7gjrpT1srtf8Weynl6R273VJ5GjkRb51IzMp5nbaPjJXMWeju2MKg=="
    },
    "mark.js": {
      "version": "github:julmot/mark.js#9b0efaf07b869b45cfc4815faad167940143016b",
      "from": "github:julmot/mark.js",
      "dev": true
    },
    "papaparse": {
      "version": "5.3.0",
      "resolved": "https://registry.npmjs.org/papaparse/-/papaparse-5.3.0.tgz",
      "integrity": "sha512-Lb7jN/4bTpiuGPrYy4tkKoUS8sTki8zacB5ke1p5zolhcSE4TlWgrlsxjrDTbG/dFVh07ck7X36hUf/b5V68pg=="
    }
  }
}
